// !$*UTF8*$!
{
	archiveVersion = 1;
	classes = {
	};
	objectVersion = 77;
	objects = {

/* Begin PBXBuildFile section */
		E731FEA82E572BE200E6A616 /* WidgetKit.framework in Frameworks */ = {isa = PBXBuildFile; fileRef = E731FEA72E572BE200E6A616 /* WidgetKit.framework */; };
		E731FEAA2E572BE200E6A616 /* SwiftUI.framework in Frameworks */ = {isa = PBXBuildFile; fileRef = E731FEA92E572BE200E6A616 /* SwiftUI.framework */; };
		E731FEBB2E572BE300E6A616 /* PomoBuddyWidgetExtension.appex in Embed Foundation Extensions */ = {isa = PBXBuildFile; fileRef = E731FEA52E572BE200E6A616 /* PomoBuddyWidgetExtension.appex */; settings = {ATTRIBUTES = (RemoveHeadersOnCopy, ); }; };
/* End PBXBuildFile section */

/* Begin PBXContainerItemProxy section */
		E731FEB92E572BE300E6A616 /* PBXContainerItemProxy */ = {
			isa = PBXContainerItemProxy;
			containerPortal = E77BA7652E4DA467008DC259 /* Project object */;
			proxyType = 1;
			remoteGlobalIDString = E731FEA42E572BE200E6A616;
			remoteInfo = PomoBuddyWidgetExtension;
		};
/* End PBXContainerItemProxy section */

/* Begin PBXCopyFilesBuildPhase section */
		E731FEBC2E572BE300E6A616 /* Embed Foundation Extensions */ = {
			isa = PBXCopyFilesBuildPhase;
			buildActionMask = 2147483647;
			dstPath = "";
			dstSubfolderSpec = 13;
			files = (
				E731FEBB2E572BE300E6A616 /* PomoBuddyWidgetExtension.appex in Embed Foundation Extensions */,
			);
			name = "Embed Foundation Extensions";
			runOnlyForDeploymentPostprocessing = 0;
		};
/* End PBXCopyFilesBuildPhase section */

/* Begin PBXFileReference section */
		E731FEA52E572BE200E6A616 /* PomoBuddyWidgetExtension.appex */ = {isa = PBXFileReference; explicitFileType = "wrapper.app-extension"; includeInIndex = 0; path = PomoBuddyWidgetExtension.appex; sourceTree = BUILT_PRODUCTS_DIR; };
		E731FEA72E572BE200E6A616 /* WidgetKit.framework */ = {isa = PBXFileReference; lastKnownFileType = wrapper.framework; name = WidgetKit.framework; path = System/Library/Frameworks/WidgetKit.framework; sourceTree = SDKROOT; };
		E731FEA92E572BE200E6A616 /* SwiftUI.framework */ = {isa = PBXFileReference; lastKnownFileType = wrapper.framework; name = SwiftUI.framework; path = System/Library/Frameworks/SwiftUI.framework; sourceTree = SDKROOT; };
		E74476DE2E6E6F770065BF58 /* PomoBuddyWidgetExtension.entitlements */ = {isa = PBXFileReference; lastKnownFileType = text.plist.entitlements; path = PomoBuddyWidgetExtension.entitlements; sourceTree = "<group>"; };
		E77BA76D2E4DA467008DC259 /* ADA-C5-Pomo Buddy.app */ = {isa = PBXFileReference; explicitFileType = wrapper.application; includeInIndex = 0; path = "ADA-C5-Pomo Buddy.app"; sourceTree = BUILT_PRODUCTS_DIR; };
/* End PBXFileReference section */

/* Begin PBXFileSystemSynchronizedBuildFileExceptionSet section */
		E731FEBF2E572BE300E6A616 /* Exceptions for "PomoBuddyWidget" folder in "PomoBuddyWidgetExtension" target */ = {
			isa = PBXFileSystemSynchronizedBuildFileExceptionSet;
			membershipExceptions = (
				Info.plist,
			);
			target = E731FEA42E572BE200E6A616 /* PomoBuddyWidgetExtension */;
		};
		E731FEC72E57352B00E6A616 /* Exceptions for "PomoBuddyWidget" folder in "ADA-C5-Pomo Buddy" target */ = {
			isa = PBXFileSystemSynchronizedBuildFileExceptionSet;
			membershipExceptions = (
				PomoBuddyActivityAttributes.swift,
			);
			target = E77BA76C2E4DA467008DC259 /* ADA-C5-Pomo Buddy */;
		};
		E74474D72E69ABA70065BF58 /* Exceptions for "ADA-C5-Pomo Buddy" folder in "PomoBuddyWidgetExtension" target */ = {
			isa = PBXFileSystemSynchronizedBuildFileExceptionSet;
			membershipExceptions = (
				"/Localized: Resource/Localizable.strings",
				Global/TimerState.swift,
				Models/FocusLog.swift,
				Models/TimerSettings.swift,
				Models/WorkType.swift,
				"Resource/Font/Paperlogy/Paperlogy-Black.ttf",
				"Resource/Font/Paperlogy/Paperlogy-Bold.ttf",
				"Resource/Font/Paperlogy/Paperlogy-ExtraBold.ttf",
				"Resource/Font/Paperlogy/Paperlogy-ExtraLight.ttf",
				"Resource/Font/Paperlogy/Paperlogy-Light.ttf",
				"Resource/Font/Paperlogy/Paperlogy-Medium.ttf",
				"Resource/Font/Paperlogy/Paperlogy-Regular.ttf",
				"Resource/Font/Paperlogy/Paperlogy-SemiBold.ttf",
				"Resource/Font/Paperlogy/Paperlogy-Thin.ttf",
				Resource/Font/Quicksand.ttf,
				"Theme/Extension/ButtonStyle++.swift",
				"Theme/Extension/Color++.swift",
				"Theme/Extension/Font++.swift",
				"Theme/Extension/TimeInterval++.swift",
			);
			target = E731FEA42E572BE200E6A616 /* PomoBuddyWidgetExtension */;
		};
/* End PBXFileSystemSynchronizedBuildFileExceptionSet section */

/* Begin PBXFileSystemSynchronizedRootGroup section */
		E731FEAB2E572BE200E6A616 /* PomoBuddyWidget */ = {
			isa = PBXFileSystemSynchronizedRootGroup;
			exceptions = (
				E731FEC72E57352B00E6A616 /* Exceptions for "PomoBuddyWidget" folder in "ADA-C5-Pomo Buddy" target */,
				E731FEBF2E572BE300E6A616 /* Exceptions for "PomoBuddyWidget" folder in "PomoBuddyWidgetExtension" target */,
			);
			path = PomoBuddyWidget;
			sourceTree = "<group>";
		};
		E77BA76F2E4DA467008DC259 /* ADA-C5-Pomo Buddy */ = {
			isa = PBXFileSystemSynchronizedRootGroup;
			exceptions = (
				E74474D72E69ABA70065BF58 /* Exceptions for "ADA-C5-Pomo Buddy" folder in "PomoBuddyWidgetExtension" target */,
			);
			path = "ADA-C5-Pomo Buddy";
			sourceTree = "<group>";
		};
/* End PBXFileSystemSynchronizedRootGroup section */

/* Begin PBXFrameworksBuildPhase section */
		E731FEA22E572BE200E6A616 /* Frameworks */ = {
			isa = PBXFrameworksBuildPhase;
			buildActionMask = 2147483647;
			files = (
				E731FEAA2E572BE200E6A616 /* SwiftUI.framework in Frameworks */,
				E731FEA82E572BE200E6A616 /* WidgetKit.framework in Frameworks */,
			);
			runOnlyForDeploymentPostprocessing = 0;
		};
		E77BA76A2E4DA467008DC259 /* Frameworks */ = {
			isa = PBXFrameworksBuildPhase;
			buildActionMask = 2147483647;
			files = (
			);
			runOnlyForDeploymentPostprocessing = 0;
		};
/* End PBXFrameworksBuildPhase section */

/* Begin PBXGroup section */
		E731FEA62E572BE200E6A616 /* Frameworks */ = {
			isa = PBXGroup;
			children = (
				E731FEA72E572BE200E6A616 /* WidgetKit.framework */,
				E731FEA92E572BE200E6A616 /* SwiftUI.framework */,
			);
			name = Frameworks;
			sourceTree = "<group>";
		};
		E77BA7642E4DA467008DC259 = {
			isa = PBXGroup;
			children = (
				E74476DE2E6E6F770065BF58 /* PomoBuddyWidgetExtension.entitlements */,
				E77BA76F2E4DA467008DC259 /* ADA-C5-Pomo Buddy */,
				E731FEAB2E572BE200E6A616 /* PomoBuddyWidget */,
				E731FEA62E572BE200E6A616 /* Frameworks */,
				E77BA76E2E4DA467008DC259 /* Products */,
			);
			sourceTree = "<group>";
		};
		E77BA76E2E4DA467008DC259 /* Products */ = {
			isa = PBXGroup;
			children = (
				E77BA76D2E4DA467008DC259 /* ADA-C5-Pomo Buddy.app */,
				E731FEA52E572BE200E6A616 /* PomoBuddyWidgetExtension.appex */,
			);
			name = Products;
			sourceTree = "<group>";
		};
/* End PBXGroup section */

/* Begin PBXNativeTarget section */
		E731FEA42E572BE200E6A616 /* PomoBuddyWidgetExtension */ = {
			isa = PBXNativeTarget;
			buildConfigurationList = E731FEC02E572BE300E6A616 /* Build configuration list for PBXNativeTarget "PomoBuddyWidgetExtension" */;
			buildPhases = (
				E731FEA12E572BE200E6A616 /* Sources */,
				E731FEA22E572BE200E6A616 /* Frameworks */,
				E731FEA32E572BE200E6A616 /* Resources */,
			);
			buildRules = (
			);
			dependencies = (
			);
			fileSystemSynchronizedGroups = (
				E731FEAB2E572BE200E6A616 /* PomoBuddyWidget */,
			);
			name = PomoBuddyWidgetExtension;
			packageProductDependencies = (
			);
			productName = PomoBuddyWidgetExtension;
			productReference = E731FEA52E572BE200E6A616 /* PomoBuddyWidgetExtension.appex */;
			productType = "com.apple.product-type.app-extension";
		};
		E77BA76C2E4DA467008DC259 /* ADA-C5-Pomo Buddy */ = {
			isa = PBXNativeTarget;
			buildConfigurationList = E77BA77A2E4DA468008DC259 /* Build configuration list for PBXNativeTarget "ADA-C5-Pomo Buddy" */;
			buildPhases = (
				E77BA7692E4DA467008DC259 /* Sources */,
				E77BA76A2E4DA467008DC259 /* Frameworks */,
				E77BA76B2E4DA467008DC259 /* Resources */,
				E731FEBC2E572BE300E6A616 /* Embed Foundation Extensions */,
			);
			buildRules = (
			);
			dependencies = (
				E731FEBA2E572BE300E6A616 /* PBXTargetDependency */,
			);
			fileSystemSynchronizedGroups = (
				E77BA76F2E4DA467008DC259 /* ADA-C5-Pomo Buddy */,
			);
			name = "ADA-C5-Pomo Buddy";
			packageProductDependencies = (
			);
			productName = "ADA-C5-Pomo Buddy";
			productReference = E77BA76D2E4DA467008DC259 /* ADA-C5-Pomo Buddy.app */;
			productType = "com.apple.product-type.application";
		};
/* End PBXNativeTarget section */

/* Begin PBXProject section */
		E77BA7652E4DA467008DC259 /* Project object */ = {
			isa = PBXProject;
			attributes = {
				BuildIndependentTargetsInParallel = 1;
				LastSwiftUpdateCheck = 1640;
				LastUpgradeCheck = 1640;
				TargetAttributes = {
					E731FEA42E572BE200E6A616 = {
						CreatedOnToolsVersion = 16.4;
					};
					E77BA76C2E4DA467008DC259 = {
						CreatedOnToolsVersion = 16.4;
					};
				};
			};
			buildConfigurationList = E77BA7682E4DA467008DC259 /* Build configuration list for PBXProject "ADA-C5-Pomo Buddy" */;
			developmentRegion = en;
			hasScannedForEncodings = 0;
			knownRegions = (
				en,
				Base,
				ko,
			);
			mainGroup = E77BA7642E4DA467008DC259;
			minimizedProjectReferenceProxies = 1;
			preferredProjectObjectVersion = 77;
			productRefGroup = E77BA76E2E4DA467008DC259 /* Products */;
			projectDirPath = "";
			projectRoot = "";
			targets = (
				E77BA76C2E4DA467008DC259 /* ADA-C5-Pomo Buddy */,
				E731FEA42E572BE200E6A616 /* PomoBuddyWidgetExtension */,
			);
		};
/* End PBXProject section */

/* Begin PBXResourcesBuildPhase section */
		E731FEA32E572BE200E6A616 /* Resources */ = {
			isa = PBXResourcesBuildPhase;
			buildActionMask = 2147483647;
			files = (
			);
			runOnlyForDeploymentPostprocessing = 0;
		};
		E77BA76B2E4DA467008DC259 /* Resources */ = {
			isa = PBXResourcesBuildPhase;
			buildActionMask = 2147483647;
			files = (
			);
			runOnlyForDeploymentPostprocessing = 0;
		};
/* End PBXResourcesBuildPhase section */

/* Begin PBXSourcesBuildPhase section */
		E731FEA12E572BE200E6A616 /* Sources */ = {
			isa = PBXSourcesBuildPhase;
			buildActionMask = 2147483647;
			files = (
			);
			runOnlyForDeploymentPostprocessing = 0;
		};
		E77BA7692E4DA467008DC259 /* Sources */ = {
			isa = PBXSourcesBuildPhase;
			buildActionMask = 2147483647;
			files = (
			);
			runOnlyForDeploymentPostprocessing = 0;
		};
/* End PBXSourcesBuildPhase section */

/* Begin PBXTargetDependency section */
		E731FEBA2E572BE300E6A616 /* PBXTargetDependency */ = {
			isa = PBXTargetDependency;
			target = E731FEA42E572BE200E6A616 /* PomoBuddyWidgetExtension */;
			targetProxy = E731FEB92E572BE300E6A616 /* PBXContainerItemProxy */;
		};
/* End PBXTargetDependency section */

/* Begin XCBuildConfiguration section */
		E731FEBD2E572BE300E6A616 /* Debug */ = {
			isa = XCBuildConfiguration;
			buildSettings = {
				ASSETCATALOG_COMPILER_GLOBAL_ACCENT_COLOR_NAME = AccentColor;
				ASSETCATALOG_COMPILER_WIDGET_BACKGROUND_COLOR_NAME = WidgetBackground;
				CODE_SIGN_ENTITLEMENTS = PomoBuddyWidgetExtension.entitlements;
				CODE_SIGN_STYLE = Automatic;
				CURRENT_PROJECT_VERSION = 1;
				DEVELOPMENT_TEAM = 7WT5JSS7B6;
				GENERATE_INFOPLIST_FILE = YES;
				INFOPLIST_FILE = PomoBuddyWidget/Info.plist;
				INFOPLIST_KEY_CFBundleDisplayName = PomoBuddyWidget;
				INFOPLIST_KEY_NSHumanReadableCopyright = "";
				LD_RUNPATH_SEARCH_PATHS = (
					"$(inherited)",
					"@executable_path/Frameworks",
					"@executable_path/../../Frameworks",
				);
				MARKETING_VERSION = 1.0;
				PRODUCT_BUNDLE_IDENTIFIER = "com.ADA-C5-Pomo-Buddy.PomoBuddyWidget";
				PRODUCT_NAME = "$(TARGET_NAME)";
				SKIP_INSTALL = YES;
				SWIFT_EMIT_LOC_STRINGS = YES;
				SWIFT_VERSION = 5.0;
				TARGETED_DEVICE_FAMILY = "1,2";
			};
			name = Debug;
		};
		E731FEBE2E572BE300E6A616 /* Release */ = {
			isa = XCBuildConfiguration;
			buildSettings = {
				ASSETCATALOG_COMPILER_GLOBAL_ACCENT_COLOR_NAME = AccentColor;
				ASSETCATALOG_COMPILER_WIDGET_BACKGROUND_COLOR_NAME = WidgetBackground;
				CODE_SIGN_ENTITLEMENTS = PomoBuddyWidgetExtension.entitlements;
				CODE_SIGN_STYLE = Automatic;
				CURRENT_PROJECT_VERSION = 1;
				DEVELOPMENT_TEAM = 7WT5JSS7B6;
				GENERATE_INFOPLIST_FILE = YES;
				INFOPLIST_FILE = PomoBuddyWidget/Info.plist;
				INFOPLIST_KEY_CFBundleDisplayName = PomoBuddyWidget;
				INFOPLIST_KEY_NSHumanReadableCopyright = "";
				LD_RUNPATH_SEARCH_PATHS = (
					"$(inherited)",
					"@executable_path/Frameworks",
					"@executable_path/../../Frameworks",
				);
				MARKETING_VERSION = 1.0;
				PRODUCT_BUNDLE_IDENTIFIER = "com.ADA-C5-Pomo-Buddy.PomoBuddyWidget";
				PRODUCT_NAME = "$(TARGET_NAME)";
				SKIP_INSTALL = YES;
				SWIFT_EMIT_LOC_STRINGS = YES;
				SWIFT_VERSION = 5.0;
				TARGETED_DEVICE_FAMILY = "1,2";
			};
			name = Release;
		};
		E77BA7782E4DA468008DC259 /* Debug */ = {
			isa = XCBuildConfiguration;
			buildSettings = {
				ALWAYS_SEARCH_USER_PATHS = NO;
				ASSETCATALOG_COMPILER_GENERATE_SWIFT_ASSET_SYMBOL_EXTENSIONS = YES;
				CLANG_ANALYZER_LOCALIZABILITY_NONLOCALIZED = YES;
				CLANG_ANALYZER_NONNULL = YES;
				CLANG_ANALYZER_NUMBER_OBJECT_CONVERSION = YES_AGGRESSIVE;
				CLANG_CXX_LANGUAGE_STANDARD = "gnu++20";
				CLANG_ENABLE_MODULES = YES;
				CLANG_ENABLE_OBJC_ARC = YES;
				CLANG_ENABLE_OBJC_WEAK = YES;
				CLANG_WARN_BLOCK_CAPTURE_AUTORELEASING = YES;
				CLANG_WARN_BOOL_CONVERSION = YES;
				CLANG_WARN_COMMA = YES;
				CLANG_WARN_CONSTANT_CONVERSION = YES;
				CLANG_WARN_DEPRECATED_OBJC_IMPLEMENTATIONS = YES;
				CLANG_WARN_DIRECT_OBJC_ISA_USAGE = YES_ERROR;
				CLANG_WARN_DOCUMENTATION_COMMENTS = YES;
				CLANG_WARN_EMPTY_BODY = YES;
				CLANG_WARN_ENUM_CONVERSION = YES;
				CLANG_WARN_INFINITE_RECURSION = YES;
				CLANG_WARN_INT_CONVERSION = YES;
				CLANG_WARN_NON_LITERAL_NULL_CONVERSION = YES;
				CLANG_WARN_OBJC_IMPLICIT_RETAIN_SELF = YES;
				CLANG_WARN_OBJC_LITERAL_CONVERSION = YES;
				CLANG_WARN_OBJC_ROOT_CLASS = YES_ERROR;
				CLANG_WARN_QUOTED_INCLUDE_IN_FRAMEWORK_HEADER = YES;
				CLANG_WARN_RANGE_LOOP_ANALYSIS = YES;
				CLANG_WARN_STRICT_PROTOTYPES = YES;
				CLANG_WARN_SUSPICIOUS_MOVE = YES;
				CLANG_WARN_UNGUARDED_AVAILABILITY = YES_AGGRESSIVE;
				CLANG_WARN_UNREACHABLE_CODE = YES;
				CLANG_WARN__DUPLICATE_METHOD_MATCH = YES;
				COPY_PHASE_STRIP = NO;
				DEBUG_INFORMATION_FORMAT = dwarf;
				DEVELOPMENT_TEAM = 7WT5JSS7B6;
				ENABLE_STRICT_OBJC_MSGSEND = YES;
				ENABLE_TESTABILITY = YES;
				ENABLE_USER_SCRIPT_SANDBOXING = YES;
				GCC_C_LANGUAGE_STANDARD = gnu17;
				GCC_DYNAMIC_NO_PIC = NO;
				GCC_NO_COMMON_BLOCKS = YES;
				GCC_OPTIMIZATION_LEVEL = 0;
				GCC_PREPROCESSOR_DEFINITIONS = (
					"DEBUG=1",
					"$(inherited)",
				);
				GCC_WARN_64_TO_32_BIT_CONVERSION = YES;
				GCC_WARN_ABOUT_RETURN_TYPE = YES_ERROR;
				GCC_WARN_UNDECLARED_SELECTOR = YES;
				GCC_WARN_UNINITIALIZED_AUTOS = YES_AGGRESSIVE;
				GCC_WARN_UNUSED_FUNCTION = YES;
				GCC_WARN_UNUSED_VARIABLE = YES;
				IPHONEOS_DEPLOYMENT_TARGET = 18.5;
				LOCALIZATION_PREFERS_STRING_CATALOGS = YES;
				MTL_ENABLE_DEBUG_INFO = INCLUDE_SOURCE;
				MTL_FAST_MATH = YES;
				ONLY_ACTIVE_ARCH = YES;
				SDKROOT = iphoneos;
				SWIFT_ACTIVE_COMPILATION_CONDITIONS = "DEBUG $(inherited)";
				SWIFT_OPTIMIZATION_LEVEL = "-Onone";
			};
			name = Debug;
		};
		E77BA7792E4DA468008DC259 /* Release */ = {
			isa = XCBuildConfiguration;
			buildSettings = {
				ALWAYS_SEARCH_USER_PATHS = NO;
				ASSETCATALOG_COMPILER_GENERATE_SWIFT_ASSET_SYMBOL_EXTENSIONS = YES;
				CLANG_ANALYZER_LOCALIZABILITY_NONLOCALIZED = YES;
				CLANG_ANALYZER_NONNULL = YES;
				CLANG_ANALYZER_NUMBER_OBJECT_CONVERSION = YES_AGGRESSIVE;
				CLANG_CXX_LANGUAGE_STANDARD = "gnu++20";
				CLANG_ENABLE_MODULES = YES;
				CLANG_ENABLE_OBJC_ARC = YES;
				CLANG_ENABLE_OBJC_WEAK = YES;
				CLANG_WARN_BLOCK_CAPTURE_AUTORELEASING = YES;
				CLANG_WARN_BOOL_CONVERSION = YES;
				CLANG_WARN_COMMA = YES;
				CLANG_WARN_CONSTANT_CONVERSION = YES;
				CLANG_WARN_DEPRECATED_OBJC_IMPLEMENTATIONS = YES;
				CLANG_WARN_DIRECT_OBJC_ISA_USAGE = YES_ERROR;
				CLANG_WARN_DOCUMENTATION_COMMENTS = YES;
				CLANG_WARN_EMPTY_BODY = YES;
				CLANG_WARN_ENUM_CONVERSION = YES;
				CLANG_WARN_INFINITE_RECURSION = YES;
				CLANG_WARN_INT_CONVERSION = YES;
				CLANG_WARN_NON_LITERAL_NULL_CONVERSION = YES;
				CLANG_WARN_OBJC_IMPLICIT_RETAIN_SELF = YES;
				CLANG_WARN_OBJC_LITERAL_CONVERSION = YES;
				CLANG_WARN_OBJC_ROOT_CLASS = YES_ERROR;
				CLANG_WARN_QUOTED_INCLUDE_IN_FRAMEWORK_HEADER = YES;
				CLANG_WARN_RANGE_LOOP_ANALYSIS = YES;
				CLANG_WARN_STRICT_PROTOTYPES = YES;
				CLANG_WARN_SUSPICIOUS_MOVE = YES;
				CLANG_WARN_UNGUARDED_AVAILABILITY = YES_AGGRESSIVE;
				CLANG_WARN_UNREACHABLE_CODE = YES;
				CLANG_WARN__DUPLICATE_METHOD_MATCH = YES;
				COPY_PHASE_STRIP = NO;
				DEBUG_INFORMATION_FORMAT = "dwarf-with-dsym";
				DEVELOPMENT_TEAM = 7WT5JSS7B6;
				ENABLE_NS_ASSERTIONS = NO;
				ENABLE_STRICT_OBJC_MSGSEND = YES;
				ENABLE_USER_SCRIPT_SANDBOXING = YES;
				GCC_C_LANGUAGE_STANDARD = gnu17;
				GCC_NO_COMMON_BLOCKS = YES;
				GCC_WARN_64_TO_32_BIT_CONVERSION = YES;
				GCC_WARN_ABOUT_RETURN_TYPE = YES_ERROR;
				GCC_WARN_UNDECLARED_SELECTOR = YES;
				GCC_WARN_UNINITIALIZED_AUTOS = YES_AGGRESSIVE;
				GCC_WARN_UNUSED_FUNCTION = YES;
				GCC_WARN_UNUSED_VARIABLE = YES;
				IPHONEOS_DEPLOYMENT_TARGET = 18.5;
				LOCALIZATION_PREFERS_STRING_CATALOGS = YES;
				MTL_ENABLE_DEBUG_INFO = NO;
				MTL_FAST_MATH = YES;
				SDKROOT = iphoneos;
				SWIFT_COMPILATION_MODE = wholemodule;
				VALIDATE_PRODUCT = YES;
			};
			name = Release;
		};
		E77BA77B2E4DA468008DC259 /* Debug */ = {
			isa = XCBuildConfiguration;
			buildSettings = {
				ASSETCATALOG_COMPILER_APPICON_NAME = AppIcon;
				ASSETCATALOG_COMPILER_GLOBAL_ACCENT_COLOR_NAME = AccentColor;
				CODE_SIGN_ENTITLEMENTS = "ADA-C5-Pomo Buddy/ADA-C5-Pomo Buddy.entitlements";
				CODE_SIGN_STYLE = Automatic;
				CURRENT_PROJECT_VERSION = 1;
				DEVELOPMENT_TEAM = 7WT5JSS7B6;
				ENABLE_PREVIEWS = YES;
				GENERATE_INFOPLIST_FILE = YES;
				INFOPLIST_FILE = "ADA-C5-Pomo-Buddy-Info.plist";
				INFOPLIST_KEY_CFBundleDisplayName = PomoBuddy;
				INFOPLIST_KEY_NSSupportsLiveActivities = YES;
				INFOPLIST_KEY_UIApplicationSceneManifest_Generation = YES;
				INFOPLIST_KEY_UIApplicationSupportsIndirectInputEvents = YES;
				INFOPLIST_KEY_UILaunchScreen_Generation = YES;
				INFOPLIST_KEY_UISupportedInterfaceOrientations_iPad = "UIInterfaceOrientationPortrait UIInterfaceOrientationPortraitUpsideDown UIInterfaceOrientationLandscapeLeft UIInterfaceOrientationLandscapeRight";
				INFOPLIST_KEY_UISupportedInterfaceOrientations_iPhone = "UIInterfaceOrientationPortrait UIInterfaceOrientationLandscapeLeft UIInterfaceOrientationLandscapeRight";
				LD_RUNPATH_SEARCH_PATHS = (
					"$(inherited)",
					"@executable_path/Frameworks",
				);
				MARKETING_VERSION = 1.0.1;
				PRODUCT_BUNDLE_IDENTIFIER = "com.ADA-C5-Pomo-Buddy";
				PRODUCT_NAME = "$(TARGET_NAME)";
				SUPPORTED_PLATFORMS = "iphoneos iphonesimulator";
				SUPPORTS_MACCATALYST = NO;
				SWIFT_EMIT_LOC_STRINGS = YES;
				SWIFT_VERSION = 5.0;
				TARGETED_DEVICE_FAMILY = 1;
			};
			name = Debug;
		};
		E77BA77C2E4DA468008DC259 /* Release */ = {
			isa = XCBuildConfiguration;
			buildSettings = {
				ASSETCATALOG_COMPILER_APPICON_NAME = AppIcon;
				ASSETCATALOG_COMPILER_GLOBAL_ACCENT_COLOR_NAME = AccentColor;
				CODE_SIGN_ENTITLEMENTS = "ADA-C5-Pomo Buddy/ADA-C5-Pomo Buddy.entitlements";
				CODE_SIGN_STYLE = Automatic;
				CURRENT_PROJECT_VERSION = 1;
				DEVELOPMENT_TEAM = 7WT5JSS7B6;
				ENABLE_PREVIEWS = YES;
				GENERATE_INFOPLIST_FILE = YES;
				INFOPLIST_FILE = "ADA-C5-Pomo-Buddy-Info.plist";
				INFOPLIST_KEY_CFBundleDisplayName = PomoBuddy;
				INFOPLIST_KEY_NSSupportsLiveActivities = YES;
				INFOPLIST_KEY_UIApplicationSceneManifest_Generation = YES;
				INFOPLIST_KEY_UIApplicationSupportsIndirectInputEvents = YES;
				INFOPLIST_KEY_UILaunchScreen_Generation = YES;
				INFOPLIST_KEY_UISupportedInterfaceOrientations_iPad = "UIInterfaceOrientationPortrait UIInterfaceOrientationPortraitUpsideDown UIInterfaceOrientationLandscapeLeft UIInterfaceOrientationLandscapeRight";
				INFOPLIST_KEY_UISupportedInterfaceOrientations_iPhone = "UIInterfaceOrientationPortrait UIInterfaceOrientationLandscapeLeft UIInterfaceOrientationLandscapeRight";
				LD_RUNPATH_SEARCH_PATHS = (
					"$(inherited)",
					"@executable_path/Frameworks",
				);
				MARKETING_VERSION = 1.0.1;
				PRODUCT_BUNDLE_IDENTIFIER = "com.ADA-C5-Pomo-Buddy";
				PRODUCT_NAME = "$(TARGET_NAME)";
				SUPPORTED_PLATFORMS = "iphoneos iphonesimulator";
				SUPPORTS_MACCATALYST = NO;
				SWIFT_EMIT_LOC_STRINGS = YES;
				SWIFT_VERSION = 5.0;
				TARGETED_DEVICE_FAMILY = 1;
			};
			name = Release;
		};
/* End XCBuildConfiguration section */

/* Begin XCConfigurationList section */
		E731FEC02E572BE300E6A616 /* Build configuration list for PBXNativeTarget "PomoBuddyWidgetExtension" */ = {
			isa = XCConfigurationList;
			buildConfigurations = (
				E731FEBD2E572BE300E6A616 /* Debug */,
				E731FEBE2E572BE300E6A616 /* Release */,
			);
			defaultConfigurationIsVisible = 0;
			defaultConfigurationName = Release;
		};
		E77BA7682E4DA467008DC259 /* Build configuration list for PBXProject "ADA-C5-Pomo Buddy" */ = {
			isa = XCConfigurationList;
			buildConfigurations = (
				E77BA7782E4DA468008DC259 /* Debug */,
				E77BA7792E4DA468008DC259 /* Release */,
			);
			defaultConfigurationIsVisible = 0;
			defaultConfigurationName = Release;
		};
		E77BA77A2E4DA468008DC259 /* Build configuration list for PBXNativeTarget "ADA-C5-Pomo Buddy" */ = {
			isa = XCConfigurationList;
			buildConfigurations = (
				E77BA77B2E4DA468008DC259 /* Debug */,
				E77BA77C2E4DA468008DC259 /* Release */,
			);
			defaultConfigurationIsVisible = 0;
			defaultConfigurationName = Release;
		};
/* End XCConfigurationList section */
	};
	rootObject = E77BA7652E4DA467008DC259 /* Project object */;
}
